
Microsoft Visual Studio Solution File, Format Version 12.00
# Visual Studio Version 17
VisualStudioVersion = 17.10.35027.167
MinimumVisualStudioVersion = 10.0.40219.1
Project("{FAE04EC0-301F-11D3-BF4B-00C04F79EFBC}") = "HotelListing", "HotelListing\HotelListing.csproj", "{11D0E2D1-CC28-4824-9F1E-F08A04D84DAF}"
EndProject
Global
	GlobalSection(SolutionConfigurationPlatforms) = preSolution
		Debug|Any CPU = Debug|Any CPU
		Release|Any CPU = Release|Any CPU
	EndGlobalSection
	GlobalSection(ProjectConfigurationPlatforms) = postSolution
		{11D0E2D1-CC28-4824-9F1E-F08A04D84DAF}.Debug|Any CPU.ActiveCfg = Debug|Any CPU
		{11D0E2D1-CC28-4824-9F1E-F08A04D84DAF}.Debug|Any CPU.Build.0 = Debug|Any CPU
		{11D0E2D1-CC28-4824-9F1E-F08A04D84DAF}.Release|Any CPU.ActiveCfg = Release|Any CPU
		{11D0E2D1-CC28-4824-9F1E-F08A04D84DAF}.Release|Any CPU.Build.0 = Release|Any CPU
	EndGlobalSection
	GlobalSection(SolutionProperties) = preSolution
		HideSolutionNode = FALSE
	EndGlobalSection
	GlobalSection(ExtensibilityGlobals) = postSolution
		SolutionGuid = {04528E1C-00EB-4DBE-8F81-B57F50B1F1A3}
	EndGlobalSection
EndGlobal
